
Microsoft Visual Studio Solution File, Format Version 12.00
# Visual Studio Version 16
VisualStudioVersion = 16.0.29403.142
MinimumVisualStudioVersion = 10.0.40219.1
Project("{FAE04EC0-301F-11D3-BF4B-00C04F79EFBC}") = "AnhNamKhanh01", "AnhNamKhanh01\AnhNamKhanh01.csproj", "{AAFA506A-13E5-42F0-BE3C-FA3BEDDFD9B9}"
EndProject
Project("{FAE04EC0-301F-11D3-BF4B-00C04F79EFBC}") = "student", "student\student.csproj", "{E8639EBB-1F81-4C47-B35A-416BD26D82B4}"
EndProject
Global
	GlobalSection(SolutionConfigurationPlatforms) = preSolution
		Debug|Any CPU = Debug|Any CPU
		Release|Any CPU = Release|Any CPU
	EndGlobalSection
	GlobalSection(ProjectConfigurationPlatforms) = postSolution
		{AAFA506A-13E5-42F0-BE3C-FA3BEDDFD9B9}.Debug|Any CPU.ActiveCfg = Debug|Any CPU
		{AAFA506A-13E5-42F0-BE3C-FA3BEDDFD9B9}.Debug|Any CPU.Build.0 = Debug|Any CPU
		{AAFA506A-13E5-42F0-BE3C-FA3BEDDFD9B9}.Release|Any CPU.ActiveCfg = Release|Any CPU
		{AAFA506A-13E5-42F0-BE3C-FA3BEDDFD9B9}.Release|Any CPU.Build.0 = Release|Any CPU
		{E8639EBB-1F81-4C47-B35A-416BD26D82B4}.Debug|Any CPU.ActiveCfg = Debug|Any CPU
		{E8639EBB-1F81-4C47-B35A-416BD26D82B4}.Debug|Any CPU.Build.0 = Debug|Any CPU
		{E8639EBB-1F81-4C47-B35A-416BD26D82B4}.Release|Any CPU.ActiveCfg = Release|Any CPU
		{E8639EBB-1F81-4C47-B35A-416BD26D82B4}.Release|Any CPU.Build.0 = Release|Any CPU
	EndGlobalSection
	GlobalSection(SolutionProperties) = preSolution
		HideSolutionNode = FALSE
	EndGlobalSection
	GlobalSection(ExtensibilityGlobals) = postSolution
		SolutionGuid = {B5454490-6C76-4007-87F9-38754FA910C3}
	EndGlobalSection
EndGlobal
